// !$*UTF8*$!
{
	archiveVersion = 1;
	classes = {
	};
	objectVersion = 50;
	objects = {

/* Begin PBXBuildFile section */
		01BAFD8F20EC7595008DFD74 /* AppDelegate.swift in Sources */ = {isa = PBXBuildFile; fileRef = 01BAFD8E20EC7595008DFD74 /* AppDelegate.swift */; };
		01BAFD9120EC7595008DFD74 /* ViewController.swift in Sources */ = {isa = PBXBuildFile; fileRef = 01BAFD9020EC7595008DFD74 /* ViewController.swift */; };
		01BAFD9420EC7595008DFD74 /* Main.storyboard in Resources */ = {isa = PBXBuildFile; fileRef = 01BAFD9220EC7595008DFD74 /* Main.storyboard */; };
		01BAFD9620EC7596008DFD74 /* Assets.xcassets in Resources */ = {isa = PBXBuildFile; fileRef = 01BAFD9520EC7596008DFD74 /* Assets.xcassets */; };
		01BAFD9920EC7596008DFD74 /* LaunchScreen.storyboard in Resources */ = {isa = PBXBuildFile; fileRef = 01BAFD9720EC7596008DFD74 /* LaunchScreen.storyboard */; };
		6D72EEE4211008F000267BD8 /* TableViewController.swift in Sources */ = {isa = PBXBuildFile; fileRef = 6D72EEE3211008F000267BD8 /* TableViewController.swift */; };
		6D72EEE921103CA400267BD8 /* pick.gif in Resources */ = {isa = PBXBuildFile; fileRef = 6D72EEE721103CA400267BD8 /* pick.gif */; };
		6D72EEEA21103CA400267BD8 /* addDelete.gif in Resources */ = {isa = PBXBuildFile; fileRef = 6D72EEE821103CA400267BD8 /* addDelete.gif */; };
/* End PBXBuildFile section */

/* Begin PBXFileReference section */
		01BAFD8B20EC7595008DFD74 /* What2Eat.app */ = {isa = PBXFileReference; explicitFileType = wrapper.application; includeInIndex = 0; path = What2Eat.app; sourceTree = BUILT_PRODUCTS_DIR; };
		01BAFD8E20EC7595008DFD74 /* AppDelegate.swift */ = {isa = PBXFileReference; lastKnownFileType = sourcecode.swift; path = AppDelegate.swift; sourceTree = "<group>"; };
		01BAFD9020EC7595008DFD74 /* ViewController.swift */ = {isa = PBXFileReference; lastKnownFileType = sourcecode.swift; path = ViewController.swift; sourceTree = "<group>"; };
		01BAFD9320EC7595008DFD74 /* Base */ = {isa = PBXFileReference; lastKnownFileType = file.storyboard; name = Base; path = Base.lproj/Main.storyboard; sourceTree = "<group>"; };
		01BAFD9520EC7596008DFD74 /* Assets.xcassets */ = {isa = PBXFileReference; lastKnownFileType = folder.assetcatalog; path = Assets.xcassets; sourceTree = "<group>"; };
		01BAFD9820EC7596008DFD74 /* Base */ = {isa = PBXFileReference; lastKnownFileType = file.storyboard; name = Base; path = Base.lproj/LaunchScreen.storyboard; sourceTree = "<group>"; };
		01BAFD9A20EC7596008DFD74 /* Info.plist */ = {isa = PBXFileReference; lastKnownFileType = text.plist.xml; path = Info.plist; sourceTree = "<group>"; };
		6D72EEE3211008F000267BD8 /* TableViewController.swift */ = {isa = PBXFileReference; lastKnownFileType = sourcecode.swift; path = TableViewController.swift; sourceTree = "<group>"; };
		6D72EEE721103CA400267BD8 /* pick.gif */ = {isa = PBXFileReference; lastKnownFileType = image.gif; path = pick.gif; sourceTree = "<group>"; };
		6D72EEE821103CA400267BD8 /* addDelete.gif */ = {isa = PBXFileReference; lastKnownFileType = image.gif; path = addDelete.gif; sourceTree = "<group>"; };
/* End PBXFileReference section */

/* Begin PBXFrameworksBuildPhase section */
		01BAFD8820EC7595008DFD74 /* Frameworks */ = {
			isa = PBXFrameworksBuildPhase;
			buildActionMask = 2147483647;
			files = (
			);
			runOnlyForDeploymentPostprocessing = 0;
		};
/* End PBXFrameworksBuildPhase section */

/* Begin PBXGroup section */
		01BAFD8220EC7595008DFD74 = {
			isa = PBXGroup;
			children = (
				6D72EEEB21103CB000267BD8 /* img */,
				01BAFD8D20EC7595008DFD74 /* What2Eat */,
				01BAFD8C20EC7595008DFD74 /* Products */,
			);
			sourceTree = "<group>";
		};
		01BAFD8C20EC7595008DFD74 /* Products */ = {
			isa = PBXGroup;
			children = (
				01BAFD8B20EC7595008DFD74 /* What2Eat.app */,
			);
			name = Products;
			sourceTree = "<group>";
		};
		01BAFD8D20EC7595008DFD74 /* What2Eat */ = {
			isa = PBXGroup;
			children = (
				01BAFD8E20EC7595008DFD74 /* AppDelegate.swift */,
				6D72EEE5211008FD00267BD8 /* Controller */,
				6D72EEE62110091800267BD8 /* View */,
				01BAFD9520EC7596008DFD74 /* Assets.xcassets */,
				01BAFD9A20EC7596008DFD74 /* Info.plist */,
			);
			path = What2Eat;
			sourceTree = "<group>";
		};
		6D72EEE5211008FD00267BD8 /* Controller */ = {
			isa = PBXGroup;
			children = (
				6D72EEE3211008F000267BD8 /* TableViewController.swift */,
				01BAFD9020EC7595008DFD74 /* ViewController.swift */,
			);
			path = Controller;
			sourceTree = "<group>";
		};
		6D72EEE62110091800267BD8 /* View */ = {
			isa = PBXGroup;
			children = (
				01BAFD9220EC7595008DFD74 /* Main.storyboard */,
				01BAFD9720EC7596008DFD74 /* LaunchScreen.storyboard */,
			);
			path = View;
			sourceTree = "<group>";
		};
		6D72EEEB21103CB000267BD8 /* img */ = {
			isa = PBXGroup;
			children = (
				6D72EEE721103CA400267BD8 /* pick.gif */,
				6D72EEE821103CA400267BD8 /* addDelete.gif */,
			);
			path = img;
			sourceTree = "<group>";
		};
/* End PBXGroup section */

/* Begin PBXNativeTarget section */
		01BAFD8A20EC7595008DFD74 /* What2Eat */ = {
			isa = PBXNativeTarget;
			buildConfigurationList = 01BAFD9D20EC7596008DFD74 /* Build configuration list for PBXNativeTarget "What2Eat" */;
			buildPhases = (
				01BAFD8720EC7595008DFD74 /* Sources */,
				01BAFD8820EC7595008DFD74 /* Frameworks */,
				01BAFD8920EC7595008DFD74 /* Resources */,
			);
			buildRules = (
			);
			dependencies = (
			);
			name = What2Eat;
			productName = What2Eat;
			productReference = 01BAFD8B20EC7595008DFD74 /* What2Eat.app */;
			productType = "com.apple.product-type.application";
		};
/* End PBXNativeTarget section */

/* Begin PBXProject section */
		01BAFD8320EC7595008DFD74 /* Project object */ = {
			isa = PBXProject;
			attributes = {
				LastSwiftUpdateCheck = 0940;
				LastUpgradeCheck = 0940;
				ORGANIZATIONNAME = "Stanford University";
				TargetAttributes = {
					01BAFD8A20EC7595008DFD74 = {
						CreatedOnToolsVersion = 9.4.1;
					};
				};
			};
			buildConfigurationList = 01BAFD8620EC7595008DFD74 /* Build configuration list for PBXProject "What2Eat" */;
			compatibilityVersion = "Xcode 9.3";
			developmentRegion = en;
			hasScannedForEncodings = 0;
			knownRegions = (
				en,
				Base,
			);
			mainGroup = 01BAFD8220EC7595008DFD74;
			productRefGroup = 01BAFD8C20EC7595008DFD74 /* Products */;
			projectDirPath = "";
			projectRoot = "";
			targets = (
				01BAFD8A20EC7595008DFD74 /* What2Eat */,
			);
		};
/* End PBXProject section */

/* Begin PBXResourcesBuildPhase section */
		01BAFD8920EC7595008DFD74 /* Resources */ = {
			isa = PBXResourcesBuildPhase;
			buildActionMask = 2147483647;
			files = (
				01BAFD9920EC7596008DFD74 /* LaunchScreen.storyboard in Resources */,
				01BAFD9620EC7596008DFD74 /* Assets.xcassets in Resources */,
				01BAFD9420EC7595008DFD74 /* Main.storyboard in Resources */,
				6D72EEEA21103CA400267BD8 /* addDelete.gif in Resources */,
				6D72EEE921103CA400267BD8 /* pick.gif in Resources */,
			);
			runOnlyForDeploymentPostprocessing = 0;
		};
/* End PBXResourcesBuildPhase section */

/* Begin PBXSourcesBuildPhase section */
		01BAFD8720EC7595008DFD74 /* Sources */ = {
			isa = PBXSourcesBuildPhase;
			buildActionMask = 2147483647;
			files = (
				01BAFD9120EC7595008DFD74 /* ViewController.swift in Sources */,
				6D72EEE4211008F000267BD8 /* TableViewController.swift in Sources */,
				01BAFD8F20EC7595008DFD74 /* AppDelegate.swift in Sources */,
			);
			runOnlyForDeploymentPostprocessing = 0;
		};
/* End PBXSourcesBuildPhase section */

/* Begin PBXVariantGroup section */
		01BAFD9220EC7595008DFD74 /* Main.storyboard */ = {
			isa = PBXVariantGroup;
			children = (
				01BAFD9320EC7595008DFD74 /* Base */,
			);
			name = Main.storyboard;
			sourceTree = "<group>";
		};
		01BAFD9720EC7596008DFD74 /* LaunchScreen.storyboard */ = {
			isa = PBXVariantGroup;
			children = (
				01BAFD9820EC7596008DFD74 /* Base */,
			);
			name = LaunchScreen.storyboard;
			sourceTree = "<group>";
		};
/* End PBXVariantGroup section */

/* Begin XCBuildConfiguration section */
		01BAFD9B20EC7596008DFD74 /* Debug */ = {
			isa = XCBuildConfiguration;
			buildSettings = {
				ALWAYS_SEARCH_USER_PATHS = NO;
				CLANG_ANALYZER_NONNULL = YES;
				CLANG_ANALYZER_NUMBER_OBJECT_CONVERSION = YES_AGGRESSIVE;
				CLANG_CXX_LANGUAGE_STANDARD = "gnu++14";
				CLANG_CXX_LIBRARY = "libc++";
				CLANG_ENABLE_MODULES = YES;
				CLANG_ENABLE_OBJC_ARC = YES;
				CLANG_ENABLE_OBJC_WEAK = YES;
				CLANG_WARN_BLOCK_CAPTURE_AUTORELEASING = YES;
				CLANG_WARN_BOOL_CONVERSION = YES;
				CLANG_WARN_COMMA = YES;
				CLANG_WARN_CONSTANT_CONVERSION = YES;
				CLANG_WARN_DEPRECATED_OBJC_IMPLEMENTATIONS = YES;
				CLANG_WARN_DIRECT_OBJC_ISA_USAGE = YES_ERROR;
				CLANG_WARN_DOCUMENTATION_COMMENTS = YES;
				CLANG_WARN_EMPTY_BODY = YES;
				CLANG_WARN_ENUM_CONVERSION = YES;
				CLANG_WARN_INFINITE_RECURSION = YES;
				CLANG_WARN_INT_CONVERSION = YES;
				CLANG_WARN_NON_LITERAL_NULL_CONVERSION = YES;
				CLANG_WARN_OBJC_IMPLICIT_RETAIN_SELF = YES;
				CLANG_WARN_OBJC_LITERAL_CONVERSION = YES;
				CLANG_WARN_OBJC_ROOT_CLASS = YES_ERROR;
				CLANG_WARN_RANGE_LOOP_ANALYSIS = YES;
				CLANG_WARN_STRICT_PROTOTYPES = YES;
				CLANG_WARN_SUSPICIOUS_MOVE = YES;
				CLANG_WARN_UNGUARDED_AVAILABILITY = YES_AGGRESSIVE;
				CLANG_WARN_UNREACHABLE_CODE = YES;
				CLANG_WARN__DUPLICATE_METHOD_MATCH = YES;
				CODE_SIGN_IDENTITY = "iPhone Developer";
				COPY_PHASE_STRIP = NO;
				DEBUG_INFORMATION_FORMAT = dwarf;
				ENABLE_STRICT_OBJC_MSGSEND = YES;
				ENABLE_TESTABILITY = YES;
				GCC_C_LANGUAGE_STANDARD = gnu11;
				GCC_DYNAMIC_NO_PIC = NO;
				GCC_NO_COMMON_BLOCKS = YES;
				GCC_OPTIMIZATION_LEVEL = 0;
				GCC_PREPROCESSOR_DEFINITIONS = (
					"DEBUG=1",
					"$(inherited)",
				);
				GCC_WARN_64_TO_32_BIT_CONVERSION = YES;
				GCC_WARN_ABOUT_RETURN_TYPE = YES_ERROR;
				GCC_WARN_UNDECLARED_SELECTOR = YES;
				GCC_WARN_UNINITIALIZED_AUTOS = YES_AGGRESSIVE;
				GCC_WARN_UNUSED_FUNCTION = YES;
				GCC_WARN_UNUSED_VARIABLE = YES;
				IPHONEOS_DEPLOYMENT_TARGET = 11.4;
				MTL_ENABLE_DEBUG_INFO = YES;
				ONLY_ACTIVE_ARCH = YES;
				SDKROOT = iphoneos;
				SWIFT_ACTIVE_COMPILATION_CONDITIONS = DEBUG;
				SWIFT_OPTIMIZATION_LEVEL = "-Onone";
			};
			name = Debug;
		};
		01BAFD9C20EC7596008DFD74 /* Release */ = {
			isa = XCBuildConfiguration;
			buildSettings = {
				ALWAYS_SEARCH_USER_PATHS = NO;
				CLANG_ANALYZER_NONNULL = YES;
				CLANG_ANALYZER_NUMBER_OBJECT_CONVERSION = YES_AGGRESSIVE;
				CLANG_CXX_LANGUAGE_STANDARD = "gnu++14";
				CLANG_CXX_LIBRARY = "libc++";
				CLANG_ENABLE_MODULES = YES;
				CLANG_ENABLE_OBJC_ARC = YES;
				CLANG_ENABLE_OBJC_WEAK = YES;
				CLANG_WARN_BLOCK_CAPTURE_AUTORELEASING = YES;
				CLANG_WARN_BOOL_CONVERSION = YES;
				CLANG_WARN_COMMA = YES;
				CLANG_WARN_CONSTANT_CONVERSION = YES;
				CLANG_WARN_DEPRECATED_OBJC_IMPLEMENTATIONS = YES;
				CLANG_WARN_DIRECT_OBJC_ISA_USAGE = YES_ERROR;
				CLANG_WARN_DOCUMENTATION_COMMENTS = YES;
				CLANG_WARN_EMPTY_BODY = YES;
				CLANG_WARN_ENUM_CONVERSION = YES;
				CLANG_WARN_INFINITE_RECURSION = YES;
				CLANG_WARN_INT_CONVERSION = YES;
				CLANG_WARN_NON_LITERAL_NULL_CONVERSION = YES;
				CLANG_WARN_OBJC_IMPLICIT_RETAIN_SELF = YES;
				CLANG_WARN_OBJC_LITERAL_CONVERSION = YES;
				CLANG_WARN_OBJC_ROOT_CLASS = YES_ERROR;
				CLANG_WARN_RANGE_LOOP_ANALYSIS = YES;
				CLANG_WARN_STRICT_PROTOTYPES = YES;
				CLANG_WARN_SUSPICIOUS_MOVE = YES;
				CLANG_WARN_UNGUARDED_AVAILABILITY = YES_AGGRESSIVE;
				CLANG_WARN_UNREACHABLE_CODE = YES;
				CLANG_WARN__DUPLICATE_METHOD_MATCH = YES;
				CODE_SIGN_IDENTITY = "iPhone Developer";
				COPY_PHASE_STRIP = NO;
				DEBUG_INFORMATION_FORMAT = "dwarf-with-dsym";
				ENABLE_NS_ASSERTIONS = NO;
				ENABLE_STRICT_OBJC_MSGSEND = YES;
				GCC_C_LANGUAGE_STANDARD = gnu11;
				GCC_NO_COMMON_BLOCKS = YES;
				GCC_WARN_64_TO_32_BIT_CONVERSION = YES;
				GCC_WARN_ABOUT_RETURN_TYPE = YES_ERROR;
				GCC_WARN_UNDECLARED_SELECTOR = YES;
				GCC_WARN_UNINITIALIZED_AUTOS = YES_AGGRESSIVE;
				GCC_WARN_UNUSED_FUNCTION = YES;
				GCC_WARN_UNUSED_VARIABLE = YES;
				IPHONEOS_DEPLOYMENT_TARGET = 11.4;
				MTL_ENABLE_DEBUG_INFO = NO;
				SDKROOT = iphoneos;
				SWIFT_COMPILATION_MODE = wholemodule;
				SWIFT_OPTIMIZATION_LEVEL = "-O";
				VALIDATE_PRODUCT = YES;
			};
			name = Release;
		};
		01BAFD9E20EC7596008DFD74 /* Debug */ = {
			isa = XCBuildConfiguration;
			buildSettings = {
				ASSETCATALOG_COMPILER_APPICON_NAME = AppIcon;
				CODE_SIGN_STYLE = Automatic;
				DEVELOPMENT_TEAM = 5D64NR3UX2;
				INFOPLIST_FILE = What2Eat/Info.plist;
				LD_RUNPATH_SEARCH_PATHS = (
					"$(inherited)",
					"@executable_path/Frameworks",
				);
				PRODUCT_BUNDLE_IDENTIFIER = edu.stanford.cs193p.lecture.haiflin.What2Eat;
				PRODUCT_NAME = "$(TARGET_NAME)";
				SWIFT_VERSION = 4.0;
				TARGETED_DEVICE_FAMILY = "1,2";
			};
			name = Debug;
		};
		01BAFD9F20EC7596008DFD74 /* Release */ = {
			isa = XCBuildConfiguration;
			buildSettings = {
				ASSETCATALOG_COMPILER_APPICON_NAME = AppIcon;
				CODE_SIGN_STYLE = Automatic;
				DEVELOPMENT_TEAM = 5D64NR3UX2;
				INFOPLIST_FILE = What2Eat/Info.plist;
				LD_RUNPATH_SEARCH_PATHS = (
					"$(inherited)",
					"@executable_path/Frameworks",
				);
				PRODUCT_BUNDLE_IDENTIFIER = edu.stanford.cs193p.lecture.haiflin.What2Eat;
				PRODUCT_NAME = "$(TARGET_NAME)";
				SWIFT_VERSION = 4.0;
				TARGETED_DEVICE_FAMILY = "1,2";
			};
			name = Release;
		};
/* End XCBuildConfiguration section */

/* Begin XCConfigurationList section */
		01BAFD8620EC7595008DFD74 /* Build configuration list for PBXProject "What2Eat" */ = {
			isa = XCConfigurationList;
			buildConfigurations = (
				01BAFD9B20EC7596008DFD74 /* Debug */,
				01BAFD9C20EC7596008DFD74 /* Release */,
			);
			defaultConfigurationIsVisible = 0;
			defaultConfigurationName = Release;
		};
		01BAFD9D20EC7596008DFD74 /* Build configuration list for PBXNativeTarget "What2Eat" */ = {
			isa = XCConfigurationList;
			buildConfigurations = (
				01BAFD9E20EC7596008DFD74 /* Debug */,
				01BAFD9F20EC7596008DFD74 /* Release */,
			);
			defaultConfigurationIsVisible = 0;
			defaultConfigurationName = Release;
		};
/* End XCConfigurationList section */
	};
	rootObject = 01BAFD8320EC7595008DFD74 /* Project object */;
}
